// !$*UTF8*$!
{
	archiveVersion = 1;
	classes = {
	};
	objectVersion = 46;
	objects = {

/* Begin PBXBuildFile section */
		1F35E4ED19BA18DA002D12C7 /* Foundation.framework in Frameworks */ = {isa = PBXBuildFile; fileRef = 1F35E4EC19BA18DA002D12C7 /* Foundation.framework */; };
		1F35E4EF19BA18DA002D12C7 /* CoreGraphics.framework in Frameworks */ = {isa = PBXBuildFile; fileRef = 1F35E4EE19BA18DA002D12C7 /* CoreGraphics.framework */; };
		1F35E4F119BA18DA002D12C7 /* UIKit.framework in Frameworks */ = {isa = PBXBuildFile; fileRef = 1F35E4F019BA18DA002D12C7 /* UIKit.framework */; };
		1F35E4F719BA18DA002D12C7 /* InfoPlist.strings in Resources */ = {isa = PBXBuildFile; fileRef = 1F35E4F519BA18DA002D12C7 /* InfoPlist.strings */; };
		1F35E4F919BA18DA002D12C7 /* main.m in Sources */ = {isa = PBXBuildFile; fileRef = 1F35E4F819BA18DA002D12C7 /* main.m */; };
		1F35E4FD19BA18DA002D12C7 /* AppDelegate.m in Sources */ = {isa = PBXBuildFile; fileRef = 1F35E4FC19BA18DA002D12C7 /* AppDelegate.m */; };
		1F35E50019BA18DA002D12C7 /* Main.storyboard in Resources */ = {isa = PBXBuildFile; fileRef = 1F35E4FE19BA18DA002D12C7 /* Main.storyboard */; };
		1F35E50319BA18DA002D12C7 /* ViewController.m in Sources */ = {isa = PBXBuildFile; fileRef = 1F35E50219BA18DA002D12C7 /* ViewController.m */; };
		1F35E50519BA18DA002D12C7 /* Images.xcassets in Resources */ = {isa = PBXBuildFile; fileRef = 1F35E50419BA18DA002D12C7 /* Images.xcassets */; };
		1F35E50C19BA18DA002D12C7 /* XCTest.framework in Frameworks */ = {isa = PBXBuildFile; fileRef = 1F35E50B19BA18DA002D12C7 /* XCTest.framework */; };
		1F35E50D19BA18DA002D12C7 /* Foundation.framework in Frameworks */ = {isa = PBXBuildFile; fileRef = 1F35E4EC19BA18DA002D12C7 /* Foundation.framework */; };
		1F35E50E19BA18DA002D12C7 /* UIKit.framework in Frameworks */ = {isa = PBXBuildFile; fileRef = 1F35E4F019BA18DA002D12C7 /* UIKit.framework */; };
		1F35E51619BA18DA002D12C7 /* InfoPlist.strings in Resources */ = {isa = PBXBuildFile; fileRef = 1F35E51419BA18DA002D12C7 /* InfoPlist.strings */; };
		1F35E51819BA18DA002D12C7 /* AudioLabTests.m in Sources */ = {isa = PBXBuildFile; fileRef = 1F35E51719BA18DA002D12C7 /* AudioLabTests.m */; };
/* End PBXBuildFile section */

/* Begin PBXContainerItemProxy section */
		1F35E50F19BA18DA002D12C7 /* PBXContainerItemProxy */ = {
			isa = PBXContainerItemProxy;
			containerPortal = 1F35E4E119BA18DA002D12C7 /* Project object */;
			proxyType = 1;
			remoteGlobalIDString = 1F35E4E819BA18DA002D12C7;
			remoteInfo = AudioLab;
		};
/* End PBXContainerItemProxy section */

/* Begin PBXFileReference section */
		1F35E4E919BA18DA002D12C7 /* AudioLab.app */ = {isa = PBXFileReference; explicitFileType = wrapper.application; includeInIndex = 0; path = AudioLab.app; sourceTree = BUILT_PRODUCTS_DIR; };
		1F35E4EC19BA18DA002D12C7 /* Foundation.framework */ = {isa = PBXFileReference; lastKnownFileType = wrapper.framework; name = Foundation.framework; path = System/Library/Frameworks/Foundation.framework; sourceTree = SDKROOT; };
		1F35E4EE19BA18DA002D12C7 /* CoreGraphics.framework */ = {isa = PBXFileReference; lastKnownFileType = wrapper.framework; name = CoreGraphics.framework; path = System/Library/Frameworks/CoreGraphics.framework; sourceTree = SDKROOT; };
		1F35E4F019BA18DA002D12C7 /* UIKit.framework */ = {isa = PBXFileReference; lastKnownFileType = wrapper.framework; name = UIKit.framework; path = System/Library/Frameworks/UIKit.framework; sourceTree = SDKROOT; };
		1F35E4F419BA18DA002D12C7 /* AudioLab-Info.plist */ = {isa = PBXFileReference; lastKnownFileType = text.plist.xml; path = "AudioLab-Info.plist"; sourceTree = "<group>"; };
		1F35E4F619BA18DA002D12C7 /* en */ = {isa = PBXFileReference; lastKnownFileType = text.plist.strings; name = en; path = en.lproj/InfoPlist.strings; sourceTree = "<group>"; };
		1F35E4F819BA18DA002D12C7 /* main.m */ = {isa = PBXFileReference; lastKnownFileType = sourcecode.c.objc; path = main.m; sourceTree = "<group>"; };
		1F35E4FA19BA18DA002D12C7 /* AudioLab-Prefix.pch */ = {isa = PBXFileReference; lastKnownFileType = sourcecode.c.h; path = "AudioLab-Prefix.pch"; sourceTree = "<group>"; };
		1F35E4FB19BA18DA002D12C7 /* AppDelegate.h */ = {isa = PBXFileReference; lastKnownFileType = sourcecode.c.h; path = AppDelegate.h; sourceTree = "<group>"; };
		1F35E4FC19BA18DA002D12C7 /* AppDelegate.m */ = {isa = PBXFileReference; lastKnownFileType = sourcecode.c.objc; path = AppDelegate.m; sourceTree = "<group>"; };
		1F35E4FF19BA18DA002D12C7 /* Base */ = {isa = PBXFileReference; lastKnownFileType = file.storyboard; name = Base; path = Base.lproj/Main.storyboard; sourceTree = "<group>"; };
		1F35E50119BA18DA002D12C7 /* ViewController.h */ = {isa = PBXFileReference; lastKnownFileType = sourcecode.c.h; path = ViewController.h; sourceTree = "<group>"; };
		1F35E50219BA18DA002D12C7 /* ViewController.m */ = {isa = PBXFileReference; lastKnownFileType = sourcecode.c.objc; path = ViewController.m; sourceTree = "<group>"; };
		1F35E50419BA18DA002D12C7 /* Images.xcassets */ = {isa = PBXFileReference; lastKnownFileType = folder.assetcatalog; path = Images.xcassets; sourceTree = "<group>"; };
		1F35E50A19BA18DA002D12C7 /* AudioLabTests.xctest */ = {isa = PBXFileReference; explicitFileType = wrapper.cfbundle; includeInIndex = 0; path = AudioLabTests.xctest; sourceTree = BUILT_PRODUCTS_DIR; };
		1F35E50B19BA18DA002D12C7 /* XCTest.framework */ = {isa = PBXFileReference; lastKnownFileType = wrapper.framework; name = XCTest.framework; path = Library/Frameworks/XCTest.framework; sourceTree = DEVELOPER_DIR; };
		1F35E51319BA18DA002D12C7 /* AudioLabTests-Info.plist */ = {isa = PBXFileReference; lastKnownFileType = text.plist.xml; path = "AudioLabTests-Info.plist"; sourceTree = "<group>"; };
		1F35E51519BA18DA002D12C7 /* en */ = {isa = PBXFileReference; lastKnownFileType = text.plist.strings; name = en; path = en.lproj/InfoPlist.strings; sourceTree = "<group>"; };
		1F35E51719BA18DA002D12C7 /* AudioLabTests.m */ = {isa = PBXFileReference; lastKnownFileType = sourcecode.c.objc; path = AudioLabTests.m; sourceTree = "<group>"; };
/* End PBXFileReference section */

/* Begin PBXFrameworksBuildPhase section */
		1F35E4E619BA18DA002D12C7 /* Frameworks */ = {
			isa = PBXFrameworksBuildPhase;
			buildActionMask = 2147483647;
			files = (
				1F35E4EF19BA18DA002D12C7 /* CoreGraphics.framework in Frameworks */,
				1F35E4F119BA18DA002D12C7 /* UIKit.framework in Frameworks */,
				1F35E4ED19BA18DA002D12C7 /* Foundation.framework in Frameworks */,
			);
			runOnlyForDeploymentPostprocessing = 0;
		};
		1F35E50719BA18DA002D12C7 /* Frameworks */ = {
			isa = PBXFrameworksBuildPhase;
			buildActionMask = 2147483647;
			files = (
				1F35E50C19BA18DA002D12C7 /* XCTest.framework in Frameworks */,
				1F35E50E19BA18DA002D12C7 /* UIKit.framework in Frameworks */,
				1F35E50D19BA18DA002D12C7 /* Foundation.framework in Frameworks */,
			);
			runOnlyForDeploymentPostprocessing = 0;
		};
/* End PBXFrameworksBuildPhase section */

/* Begin PBXGroup section */
		1F35E4E019BA18DA002D12C7 = {
			isa = PBXGroup;
			children = (
				1F35E4F219BA18DA002D12C7 /* AudioLab */,
				1F35E51119BA18DA002D12C7 /* AudioLabTests */,
				1F35E4EB19BA18DA002D12C7 /* Frameworks */,
				1F35E4EA19BA18DA002D12C7 /* Products */,
			);
			sourceTree = "<group>";
		};
		1F35E4EA19BA18DA002D12C7 /* Products */ = {
			isa = PBXGroup;
			children = (
				1F35E4E919BA18DA002D12C7 /* AudioLab.app */,
				1F35E50A19BA18DA002D12C7 /* AudioLabTests.xctest */,
			);
			name = Products;
			sourceTree = "<group>";
		};
		1F35E4EB19BA18DA002D12C7 /* Frameworks */ = {
			isa = PBXGroup;
			children = (
				1F35E4EC19BA18DA002D12C7 /* Foundation.framework */,
				1F35E4EE19BA18DA002D12C7 /* CoreGraphics.framework */,
				1F35E4F019BA18DA002D12C7 /* UIKit.framework */,
				1F35E50B19BA18DA002D12C7 /* XCTest.framework */,
			);
			name = Frameworks;
			sourceTree = "<group>";
		};
		1F35E4F219BA18DA002D12C7 /* AudioLab */ = {
			isa = PBXGroup;
			children = (
				1F35E4FB19BA18DA002D12C7 /* AppDelegate.h */,
				1F35E4FC19BA18DA002D12C7 /* AppDelegate.m */,
				1F35E4FE19BA18DA002D12C7 /* Main.storyboard */,
				1F35E50119BA18DA002D12C7 /* ViewController.h */,
				1F35E50219BA18DA002D12C7 /* ViewController.m */,
				1F35E50419BA18DA002D12C7 /* Images.xcassets */,
				1F35E4F319BA18DA002D12C7 /* Supporting Files */,
			);
			path = AudioLab;
			sourceTree = "<group>";
		};
		1F35E4F319BA18DA002D12C7 /* Supporting Files */ = {
			isa = PBXGroup;
			children = (
				1F35E4F419BA18DA002D12C7 /* AudioLab-Info.plist */,
				1F35E4F519BA18DA002D12C7 /* InfoPlist.strings */,
				1F35E4F819BA18DA002D12C7 /* main.m */,
				1F35E4FA19BA18DA002D12C7 /* AudioLab-Prefix.pch */,
			);
			name = "Supporting Files";
			sourceTree = "<group>";
		};
		1F35E51119BA18DA002D12C7 /* AudioLabTests */ = {
			isa = PBXGroup;
			children = (
				1F35E51719BA18DA002D12C7 /* AudioLabTests.m */,
				1F35E51219BA18DA002D12C7 /* Supporting Files */,
			);
			path = AudioLabTests;
			sourceTree = "<group>";
		};
		1F35E51219BA18DA002D12C7 /* Supporting Files */ = {
			isa = PBXGroup;
			children = (
				1F35E51319BA18DA002D12C7 /* AudioLabTests-Info.plist */,
				1F35E51419BA18DA002D12C7 /* InfoPlist.strings */,
			);
			name = "Supporting Files";
			sourceTree = "<group>";
		};
/* End PBXGroup section */

/* Begin PBXNativeTarget section */
		1F35E4E819BA18DA002D12C7 /* AudioLab */ = {
			isa = PBXNativeTarget;
			buildConfigurationList = 1F35E51B19BA18DA002D12C7 /* Build configuration list for PBXNativeTarget "AudioLab" */;
			buildPhases = (
				1F35E4E519BA18DA002D12C7 /* Sources */,
				1F35E4E619BA18DA002D12C7 /* Frameworks */,
				1F35E4E719BA18DA002D12C7 /* Resources */,
			);
			buildRules = (
			);
			dependencies = (
			);
			name = AudioLab;
			productName = AudioLab;
			productReference = 1F35E4E919BA18DA002D12C7 /* AudioLab.app */;
			productType = "com.apple.product-type.application";
		};
		1F35E50919BA18DA002D12C7 /* AudioLabTests */ = {
			isa = PBXNativeTarget;
			buildConfigurationList = 1F35E51E19BA18DA002D12C7 /* Build configuration list for PBXNativeTarget "AudioLabTests" */;
			buildPhases = (
				1F35E50619BA18DA002D12C7 /* Sources */,
				1F35E50719BA18DA002D12C7 /* Frameworks */,
				1F35E50819BA18DA002D12C7 /* Resources */,
			);
			buildRules = (
			);
			dependencies = (
				1F35E51019BA18DA002D12C7 /* PBXTargetDependency */,
			);
			name = AudioLabTests;
			productName = AudioLabTests;
			productReference = 1F35E50A19BA18DA002D12C7 /* AudioLabTests.xctest */;
			productType = "com.apple.product-type.bundle.unit-test";
		};
/* End PBXNativeTarget section */

/* Begin PBXProject section */
		1F35E4E119BA18DA002D12C7 /* Project object */ = {
			isa = PBXProject;
			attributes = {
				LastUpgradeCheck = 0510;
				ORGANIZATIONNAME = "___FULLUSERNAME___";
				TargetAttributes = {
					1F35E50919BA18DA002D12C7 = {
						TestTargetID = 1F35E4E819BA18DA002D12C7;
					};
				};
			};
			buildConfigurationList = 1F35E4E419BA18DA002D12C7 /* Build configuration list for PBXProject "AudioLab" */;
			compatibilityVersion = "Xcode 3.2";
			developmentRegion = English;
			hasScannedForEncodings = 0;
			knownRegions = (
				en,
				Base,
			);
			mainGroup = 1F35E4E019BA18DA002D12C7;
			productRefGroup = 1F35E4EA19BA18DA002D12C7 /* Products */;
			projectDirPath = "";
			projectRoot = "";
			targets = (
				1F35E4E819BA18DA002D12C7 /* AudioLab */,
				1F35E50919BA18DA002D12C7 /* AudioLabTests */,
			);
		};
/* End PBXProject section */

/* Begin PBXResourcesBuildPhase section */
		1F35E4E719BA18DA002D12C7 /* Resources */ = {
			isa = PBXResourcesBuildPhase;
			buildActionMask = 2147483647;
			files = (
				1F35E50519BA18DA002D12C7 /* Images.xcassets in Resources */,
				1F35E4F719BA18DA002D12C7 /* InfoPlist.strings in Resources */,
				1F35E50019BA18DA002D12C7 /* Main.storyboard in Resources */,
			);
			runOnlyForDeploymentPostprocessing = 0;
		};
		1F35E50819BA18DA002D12C7 /* Resources */ = {
			isa = PBXResourcesBuildPhase;
			buildActionMask = 2147483647;
			files = (
				1F35E51619BA18DA002D12C7 /* InfoPlist.strings in Resources */,
			);
			runOnlyForDeploymentPostprocessing = 0;
		};
/* End PBXResourcesBuildPhase section */

/* Begin PBXSourcesBuildPhase section */
		1F35E4E519BA18DA002D12C7 /* Sources */ = {
			isa = PBXSourcesBuildPhase;
			buildActionMask = 2147483647;
			files = (
				1F35E50319BA18DA002D12C7 /* ViewController.m in Sources */,
				1F35E4FD19BA18DA002D12C7 /* AppDelegate.m in Sources */,
				1F35E4F919BA18DA002D12C7 /* main.m in Sources */,
			);
			runOnlyForDeploymentPostprocessing = 0;
		};
		1F35E50619BA18DA002D12C7 /* Sources */ = {
			isa = PBXSourcesBuildPhase;
			buildActionMask = 2147483647;
			files = (
				1F35E51819BA18DA002D12C7 /* AudioLabTests.m in Sources */,
			);
			runOnlyForDeploymentPostprocessing = 0;
		};
/* End PBXSourcesBuildPhase section */

/* Begin PBXTargetDependency section */
		1F35E51019BA18DA002D12C7 /* PBXTargetDependency */ = {
			isa = PBXTargetDependency;
			target = 1F35E4E819BA18DA002D12C7 /* AudioLab */;
			targetProxy = 1F35E50F19BA18DA002D12C7 /* PBXContainerItemProxy */;
		};
/* End PBXTargetDependency section */

/* Begin PBXVariantGroup section */
		1F35E4F519BA18DA002D12C7 /* InfoPlist.strings */ = {
			isa = PBXVariantGroup;
			children = (
				1F35E4F619BA18DA002D12C7 /* en */,
			);
			name = InfoPlist.strings;
			sourceTree = "<group>";
		};
		1F35E4FE19BA18DA002D12C7 /* Main.storyboard */ = {
			isa = PBXVariantGroup;
			children = (
				1F35E4FF19BA18DA002D12C7 /* Base */,
			);
			name = Main.storyboard;
			sourceTree = "<group>";
		};
		1F35E51419BA18DA002D12C7 /* InfoPlist.strings */ = {
			isa = PBXVariantGroup;
			children = (
				1F35E51519BA18DA002D12C7 /* en */,
			);
			name = InfoPlist.strings;
			sourceTree = "<group>";
		};
/* End PBXVariantGroup section */

/* Begin XCBuildConfiguration section */
		1F35E51919BA18DA002D12C7 /* Debug */ = {
			isa = XCBuildConfiguration;
			buildSettings = {
				ALWAYS_SEARCH_USER_PATHS = NO;
				CLANG_CXX_LANGUAGE_STANDARD = "gnu++0x";
				CLANG_CXX_LIBRARY = "libc++";
				CLANG_ENABLE_MODULES = YES;
				CLANG_ENABLE_OBJC_ARC = YES;
				CLANG_WARN_BOOL_CONVERSION = YES;
				CLANG_WARN_CONSTANT_CONVERSION = YES;
				CLANG_WARN_DIRECT_OBJC_ISA_USAGE = YES_ERROR;
				CLANG_WARN_EMPTY_BODY = YES;
				CLANG_WARN_ENUM_CONVERSION = YES;
				CLANG_WARN_INT_CONVERSION = YES;
				CLANG_WARN_OBJC_ROOT_CLASS = YES_ERROR;
				CLANG_WARN__DUPLICATE_METHOD_MATCH = YES;
				"CODE_SIGN_IDENTITY[sdk=iphoneos*]" = "iPhone Developer";
				COPY_PHASE_STRIP = NO;
				GCC_C_LANGUAGE_STANDARD = gnu99;
				GCC_DYNAMIC_NO_PIC = NO;
				GCC_OPTIMIZATION_LEVEL = 0;
				GCC_PREPROCESSOR_DEFINITIONS = (
					"DEBUG=1",
					"$(inherited)",
				);
				GCC_SYMBOLS_PRIVATE_EXTERN = NO;
				GCC_WARN_64_TO_32_BIT_CONVERSION = YES;
				GCC_WARN_ABOUT_RETURN_TYPE = YES_ERROR;
				GCC_WARN_UNDECLARED_SELECTOR = YES;
				GCC_WARN_UNINITIALIZED_AUTOS = YES_AGGRESSIVE;
				GCC_WARN_UNUSED_FUNCTION = YES;
				GCC_WARN_UNUSED_VARIABLE = YES;
				IPHONEOS_DEPLOYMENT_TARGET = 7.1;
				ONLY_ACTIVE_ARCH = YES;
				SDKROOT = iphoneos;
				TARGETED_DEVICE_FAMILY = 2;
			};
			name = Debug;
		};
		1F35E51A19BA18DA002D12C7 /* Release */ = {
			isa = XCBuildConfiguration;
			buildSettings = {
				ALWAYS_SEARCH_USER_PATHS = NO;
				CLANG_CXX_LANGUAGE_STANDARD = "gnu++0x";
				CLANG_CXX_LIBRARY = "libc++";
				CLANG_ENABLE_MODULES = YES;
				CLANG_ENABLE_OBJC_ARC = YES;
				CLANG_WARN_BOOL_CONVERSION = YES;
				CLANG_WARN_CONSTANT_CONVERSION = YES;
				CLANG_WARN_DIRECT_OBJC_ISA_USAGE = YES_ERROR;
				CLANG_WARN_EMPTY_BODY = YES;
				CLANG_WARN_ENUM_CONVERSION = YES;
				CLANG_WARN_INT_CONVERSION = YES;
				CLANG_WARN_OBJC_ROOT_CLASS = YES_ERROR;
				CLANG_WARN__DUPLICATE_METHOD_MATCH = YES;
				"CODE_SIGN_IDENTITY[sdk=iphoneos*]" = "iPhone Developer";
				COPY_PHASE_STRIP = YES;
				ENABLE_NS_ASSERTIONS = NO;
				GCC_C_LANGUAGE_STANDARD = gnu99;
				GCC_WARN_64_TO_32_BIT_CONVERSION = YES;
				GCC_WARN_ABOUT_RETURN_TYPE = YES_ERROR;
				GCC_WARN_UNDECLARED_SELECTOR = YES;
				GCC_WARN_UNINITIALIZED_AUTOS = YES_AGGRESSIVE;
				GCC_WARN_UNUSED_FUNCTION = YES;
				GCC_WARN_UNUSED_VARIABLE = YES;
				IPHONEOS_DEPLOYMENT_TARGET = 7.1;
				SDKROOT = iphoneos;
				TARGETED_DEVICE_FAMILY = 2;
				VALIDATE_PRODUCT = YES;
			};
			name = Release;
		};
		1F35E51C19BA18DA002D12C7 /* Debug */ = {
			isa = XCBuildConfiguration;
			buildSettings = {
				ASSETCATALOG_COMPILER_APPICON_NAME = AppIcon;
				ASSETCATALOG_COMPILER_LAUNCHIMAGE_NAME = LaunchImage;
				GCC_PRECOMPILE_PREFIX_HEADER = YES;
				GCC_PREFIX_HEADER = "AudioLab/AudioLab-Prefix.pch";
				INFOPLIST_FILE = "AudioLab/AudioLab-Info.plist";
				PRODUCT_NAME = "$(TARGET_NAME)";
				WRAPPER_EXTENSION = app;
			};
			name = Debug;
		};
		1F35E51D19BA18DA002D12C7 /* Release */ = {
			isa = XCBuildConfiguration;
			buildSettings = {
				ASSETCATALOG_COMPILER_APPICON_NAME = AppIcon;
				ASSETCATALOG_COMPILER_LAUNCHIMAGE_NAME = LaunchImage;
				GCC_PRECOMPILE_PREFIX_HEADER = YES;
				GCC_PREFIX_HEADER = "AudioLab/AudioLab-Prefix.pch";
				INFOPLIST_FILE = "AudioLab/AudioLab-Info.plist";
				PRODUCT_NAME = "$(TARGET_NAME)";
				WRAPPER_EXTENSION = app;
			};
			name = Release;
		};
		1F35E51F19BA18DA002D12C7 /* Debug */ = {
			isa = XCBuildConfiguration;
			buildSettings = {
				BUNDLE_LOADER = "$(BUILT_PRODUCTS_DIR)/AudioLab.app/AudioLab";
				FRAMEWORK_SEARCH_PATHS = (
					"$(SDKROOT)/Developer/Library/Frameworks",
					"$(inherited)",
					"$(DEVELOPER_FRAMEWORKS_DIR)",
				);
				GCC_PRECOMPILE_PREFIX_HEADER = YES;
				GCC_PREFIX_HEADER = "AudioLab/AudioLab-Prefix.pch";
				GCC_PREPROCESSOR_DEFINITIONS = (
					"DEBUG=1",
					"$(inherited)",
				);
				INFOPLIST_FILE = "AudioLabTests/AudioLabTests-Info.plist";
				PRODUCT_NAME = "$(TARGET_NAME)";
				TEST_HOST = "$(BUNDLE_LOADER)";
				WRAPPER_EXTENSION = xctest;
			};
			name = Debug;
		};
		1F35E52019BA18DA002D12C7 /* Release */ = {
			isa = XCBuildConfiguration;
			buildSettings = {
				BUNDLE_LOADER = "$(BUILT_PRODUCTS_DIR)/AudioLab.app/AudioLab";
				FRAMEWORK_SEARCH_PATHS = (
					"$(SDKROOT)/Developer/Library/Frameworks",
					"$(inherited)",
					"$(DEVELOPER_FRAMEWORKS_DIR)",
				);
				GCC_PRECOMPILE_PREFIX_HEADER = YES;
				GCC_PREFIX_HEADER = "AudioLab/AudioLab-Prefix.pch";
				INFOPLIST_FILE = "AudioLabTests/AudioLabTests-Info.plist";
				PRODUCT_NAME = "$(TARGET_NAME)";
				TEST_HOST = "$(BUNDLE_LOADER)";
				WRAPPER_EXTENSION = xctest;
			};
			name = Release;
		};
/* End XCBuildConfiguration section */

/* Begin XCConfigurationList section */
		1F35E4E419BA18DA002D12C7 /* Build configuration list for PBXProject "AudioLab" */ = {
			isa = XCConfigurationList;
			buildConfigurations = (
				1F35E51919BA18DA002D12C7 /* Debug */,
				1F35E51A19BA18DA002D12C7 /* Release */,
			);
			defaultConfigurationIsVisible = 0;
			defaultConfigurationName = Release;
		};
		1F35E51B19BA18DA002D12C7 /* Build configuration list for PBXNativeTarget "AudioLab" */ = {
			isa = XCConfigurationList;
			buildConfigurations = (
				1F35E51C19BA18DA002D12C7 /* Debug */,
				1F35E51D19BA18DA002D12C7 /* Release */,
			);
			defaultConfigurationIsVisible = 0;
		};
		1F35E51E19BA18DA002D12C7 /* Build configuration list for PBXNativeTarget "AudioLabTests" */ = {
			isa = XCConfigurationList;
			buildConfigurations = (
				1F35E51F19BA18DA002D12C7 /* Debug */,
				1F35E52019BA18DA002D12C7 /* Release */,
			);
			defaultConfigurationIsVisible = 0;
		};
/* End XCConfigurationList section */
	};
	rootObject = 1F35E4E119BA18DA002D12C7 /* Project object */;
}
