// !$*UTF8*$!
{
	archiveVersion = 1;
	classes = {
	};
	objectVersion = 46;
	objects = {

/* Begin PBXBuildFile section */
		1F35E4F719BA18DA002D12C7 /* InfoPlist.strings in Resources */ = {isa = PBXBuildFile; fileRef = 1F35E4F519BA18DA002D12C7 /* InfoPlist.strings */; };
		1F35E4F919BA18DA002D12C7 /* main.m in Sources */ = {isa = PBXBuildFile; fileRef = 1F35E4F819BA18DA002D12C7 /* main.m */; };
		1F35E4FD19BA18DA002D12C7 /* AppDelegate.m in Sources */ = {isa = PBXBuildFile; fileRef = 1F35E4FC19BA18DA002D12C7 /* AppDelegate.m */; };
		1F35E50019BA18DA002D12C7 /* Main.storyboard in Resources */ = {isa = PBXBuildFile; fileRef = 1F35E4FE19BA18DA002D12C7 /* Main.storyboard */; };
		1F35E50519BA18DA002D12C7 /* Images.xcassets in Resources */ = {isa = PBXBuildFile; fileRef = 1F35E50419BA18DA002D12C7 /* Images.xcassets */; };
		1F35E51619BA18DA002D12C7 /* InfoPlist.strings in Resources */ = {isa = PBXBuildFile; fileRef = 1F35E51419BA18DA002D12C7 /* InfoPlist.strings */; };
		1F35E51819BA18DA002D12C7 /* AudioLabTests.m in Sources */ = {isa = PBXBuildFile; fileRef = 1F35E51719BA18DA002D12C7 /* AudioLabTests.m */; };
		1F35E54B19BA192F002D12C7 /* AudioController.mm in Sources */ = {isa = PBXBuildFile; fileRef = 1F35E52319BA192F002D12C7 /* AudioController.mm */; };
		1F35E55319BA192F002D12C7 /* NVAllpassFilter.m in Sources */ = {isa = PBXBuildFile; fileRef = 1F35E52F19BA192F002D12C7 /* NVAllpassFilter.m */; };
		1F35E55419BA192F002D12C7 /* NVBandpassFilter.m in Sources */ = {isa = PBXBuildFile; fileRef = 1F35E53119BA192F002D12C7 /* NVBandpassFilter.m */; };
		1F35E55519BA192F002D12C7 /* NVBandpassQPeakGainFilter.m in Sources */ = {isa = PBXBuildFile; fileRef = 1F35E53319BA192F002D12C7 /* NVBandpassQPeakGainFilter.m */; };
		1F35E55619BA192F002D12C7 /* NVHighpassFilter.m in Sources */ = {isa = PBXBuildFile; fileRef = 1F35E53519BA192F002D12C7 /* NVHighpassFilter.m */; };
		1F35E55719BA192F002D12C7 /* NVHighShelvingFilter.m in Sources */ = {isa = PBXBuildFile; fileRef = 1F35E53719BA192F002D12C7 /* NVHighShelvingFilter.m */; };
		1F35E55819BA192F002D12C7 /* NVLowpassFilter.m in Sources */ = {isa = PBXBuildFile; fileRef = 1F35E53919BA192F002D12C7 /* NVLowpassFilter.m */; };
		1F35E55919BA192F002D12C7 /* NVLowShelvingFilter.m in Sources */ = {isa = PBXBuildFile; fileRef = 1F35E53B19BA192F002D12C7 /* NVLowShelvingFilter.m */; };
		1F35E55A19BA192F002D12C7 /* NVNotchFilter.m in Sources */ = {isa = PBXBuildFile; fileRef = 1F35E53D19BA192F002D12C7 /* NVNotchFilter.m */; };
		1F35E55B19BA192F002D12C7 /* NVPeakingEQFilter.m in Sources */ = {isa = PBXBuildFile; fileRef = 1F35E53F19BA192F002D12C7 /* NVPeakingEQFilter.m */; };
		1F35E55C19BA192F002D12C7 /* NVDSP.mm in Sources */ = {isa = PBXBuildFile; fileRef = 1F35E54119BA192F002D12C7 /* NVDSP.mm */; };
		1F35E56619BA199E002D12C7 /* CircularBuffer.m in Sources */ = {isa = PBXBuildFile; fileRef = 1F35E56519BA199E002D12C7 /* CircularBuffer.m */; };
		1F3FDE141ECC99E800761C73 /* AdditiveSynth.m in Sources */ = {isa = PBXBuildFile; fileRef = 1F3FDE111ECC99E800761C73 /* AdditiveSynth.m */; };
		1F3FDE151ECC99E800761C73 /* WavetableSynth.m in Sources */ = {isa = PBXBuildFile; fileRef = 1F3FDE131ECC99E800761C73 /* WavetableSynth.m */; };
		1F3FDE181ECC9A3D00761C73 /* FunctionDrawView.m in Sources */ = {isa = PBXBuildFile; fileRef = 1F3FDE171ECC9A3D00761C73 /* FunctionDrawView.m */; };
		1F6E97FF1ECCA7B9001DB29B /* Chevron_down.png in Resources */ = {isa = PBXBuildFile; fileRef = 1F6E97EC1ECCA7B9001DB29B /* Chevron_down.png */; };
		1F6E98001ECCA7B9001DB29B /* Chevron_left.png in Resources */ = {isa = PBXBuildFile; fileRef = 1F6E97ED1ECCA7B9001DB29B /* Chevron_left.png */; };
		1F6E98011ECCA7B9001DB29B /* Chevron_right.png in Resources */ = {isa = PBXBuildFile; fileRef = 1F6E97EE1ECCA7B9001DB29B /* Chevron_right.png */; };
		1F6E98021ECCA7B9001DB29B /* Chevron_small.png in Resources */ = {isa = PBXBuildFile; fileRef = 1F6E97EF1ECCA7B9001DB29B /* Chevron_small.png */; };
		1F6E98031ECCA7B9001DB29B /* Chevron_up.png in Resources */ = {isa = PBXBuildFile; fileRef = 1F6E97F01ECCA7B9001DB29B /* Chevron_up.png */; };
		1F6E98041ECCA7B9001DB29B /* Chevron.png in Resources */ = {isa = PBXBuildFile; fileRef = 1F6E97F11ECCA7B9001DB29B /* Chevron.png */; };
		1F6E98051ECCA7B9001DB29B /* CreditsButton_down.png in Resources */ = {isa = PBXBuildFile; fileRef = 1F6E97F21ECCA7B9001DB29B /* CreditsButton_down.png */; };
		1F6E98061ECCA7B9001DB29B /* CreditsButton.png in Resources */ = {isa = PBXBuildFile; fileRef = 1F6E97F31ECCA7B9001DB29B /* CreditsButton.png */; };
		1F6E98071ECCA7B9001DB29B /* HarmonicsButton.png in Resources */ = {isa = PBXBuildFile; fileRef = 1F6E97F41ECCA7B9001DB29B /* HarmonicsButton.png */; };
		1F6E98081ECCA7B9001DB29B /* HelpButton_down_small.png in Resources */ = {isa = PBXBuildFile; fileRef = 1F6E97F51ECCA7B9001DB29B /* HelpButton_down_small.png */; };
		1F6E98091ECCA7B9001DB29B /* HelpButton_small.png in Resources */ = {isa = PBXBuildFile; fileRef = 1F6E97F61ECCA7B9001DB29B /* HelpButton_small.png */; };
		1F6E980A1ECCA7B9001DB29B /* HelpButton.png in Resources */ = {isa = PBXBuildFile; fileRef = 1F6E97F71ECCA7B9001DB29B /* HelpButton.png */; };
		1F6E980B1ECCA7B9001DB29B /* KeyboardButton_down.png in Resources */ = {isa = PBXBuildFile; fileRef = 1F6E97F81ECCA7B9001DB29B /* KeyboardButton_down.png */; };
		1F6E980C1ECCA7B9001DB29B /* KeyboardButton.png in Resources */ = {isa = PBXBuildFile; fileRef = 1F6E97F91ECCA7B9001DB29B /* KeyboardButton.png */; };
		1F6E980D1ECCA7B9001DB29B /* MidiButton.png in Resources */ = {isa = PBXBuildFile; fileRef = 1F6E97FA1ECCA7B9001DB29B /* MidiButton.png */; };
		1F6E980E1ECCA7B9001DB29B /* Playhead.png in Resources */ = {isa = PBXBuildFile; fileRef = 1F6E97FB1ECCA7B9001DB29B /* Playhead.png */; };
		1F6E980F1ECCA7B9001DB29B /* recordStateButton_Pause.png in Resources */ = {isa = PBXBuildFile; fileRef = 1F6E97FC1ECCA7B9001DB29B /* recordStateButton_Pause.png */; };
		1F6E98101ECCA7B9001DB29B /* recordStateButton_Play.png in Resources */ = {isa = PBXBuildFile; fileRef = 1F6E97FD1ECCA7B9001DB29B /* recordStateButton_Play.png */; };
		1F6E98111ECCA7B9001DB29B /* recordStateButton_Record.png in Resources */ = {isa = PBXBuildFile; fileRef = 1F6E97FE1ECCA7B9001DB29B /* recordStateButton_Record.png */; };
		1F7F15271B3B4F2900BDDC9A /* AnalysisViewController.m in Sources */ = {isa = PBXBuildFile; fileRef = 1F7F15261B3B4F2900BDDC9A /* AnalysisViewController.m */; };
		1F7F152A1B3B4F4200BDDC9A /* EffectsViewController.m in Sources */ = {isa = PBXBuildFile; fileRef = 1F7F15291B3B4F4200BDDC9A /* EffectsViewController.m */; };
		1F7F152D1B3B4F5100BDDC9A /* SynthesisViewController.m in Sources */ = {isa = PBXBuildFile; fileRef = 1F7F152C1B3B4F5100BDDC9A /* SynthesisViewController.m */; };
		1F7F15301B3B548D00BDDC9A /* CreditsViewController.m in Sources */ = {isa = PBXBuildFile; fileRef = 1F7F152F1B3B548D00BDDC9A /* CreditsViewController.m */; };
		1F7F156C1B3DAFC700BDDC9A /* DetailViewController.m in Sources */ = {isa = PBXBuildFile; fileRef = 1F7F156B1B3DAFC700BDDC9A /* DetailViewController.m */; };
		1F8076F61D30185800D9E998 /* MIDIController.m in Sources */ = {isa = PBXBuildFile; fileRef = 1F8076F51D30185800D9E998 /* MIDIController.m */; };
		1F9224D61CD793E700DD2949 /* FilterTapRegionView.m in Sources */ = {isa = PBXBuildFile; fileRef = 1F9224C51CD793E700DD2949 /* FilterTapRegionView.m */; };
		1F9224D71CD793E700DD2949 /* HarmonicDotArray.m in Sources */ = {isa = PBXBuildFile; fileRef = 1F9224C71CD793E700DD2949 /* HarmonicDotArray.m */; };
		1F9224D81CD793E700DD2949 /* HelpBubble.m in Sources */ = {isa = PBXBuildFile; fileRef = 1F9224C91CD793E700DD2949 /* HelpBubble.m */; };
		1F9224D91CD793E700DD2949 /* METButton.m in Sources */ = {isa = PBXBuildFile; fileRef = 1F9224CB1CD793E700DD2949 /* METButton.m */; };
		1F9224DA1CD793E700DD2949 /* METDrawer.m in Sources */ = {isa = PBXBuildFile; fileRef = 1F9224CD1CD793E700DD2949 /* METDrawer.m */; };
		1F9224DB1CD793E700DD2949 /* METScopeControlArray.m in Sources */ = {isa = PBXBuildFile; fileRef = 1F9224CF1CD793E700DD2949 /* METScopeControlArray.m */; };
		1F9224DC1CD793E700DD2949 /* METScopeView.m in Sources */ = {isa = PBXBuildFile; fileRef = 1F9224D11CD793E700DD2949 /* METScopeView.m */; };
		1F9224DD1CD793E700DD2949 /* METSlider.m in Sources */ = {isa = PBXBuildFile; fileRef = 1F9224D31CD793E700DD2949 /* METSlider.m */; };
		1F9224DE1CD793E700DD2949 /* ParameterView.m in Sources */ = {isa = PBXBuildFile; fileRef = 1F9224D51CD793E700DD2949 /* ParameterView.m */; };
		1F9D0B701A083037008270FC /* icon_29.png in Resources */ = {isa = PBXBuildFile; fileRef = 1F9D0B691A083037008270FC /* icon_29.png */; };
		1F9D0B711A083037008270FC /* icon_40.png in Resources */ = {isa = PBXBuildFile; fileRef = 1F9D0B6A1A083037008270FC /* icon_40.png */; };
		1F9D0B721A083037008270FC /* icon_58.png in Resources */ = {isa = PBXBuildFile; fileRef = 1F9D0B6B1A083037008270FC /* icon_58.png */; };
		1F9D0B731A083037008270FC /* icon_76.png in Resources */ = {isa = PBXBuildFile; fileRef = 1F9D0B6C1A083037008270FC /* icon_76.png */; };
		1F9D0B741A083037008270FC /* icon_80.png in Resources */ = {isa = PBXBuildFile; fileRef = 1F9D0B6D1A083037008270FC /* icon_80.png */; };
		1F9D0B751A083037008270FC /* icon_152.png in Resources */ = {isa = PBXBuildFile; fileRef = 1F9D0B6E1A083037008270FC /* icon_152.png */; };
		1F9D0B761A083037008270FC /* icon.png in Resources */ = {isa = PBXBuildFile; fileRef = 1F9D0B6F1A083037008270FC /* icon.png */; };
		1FCB696F1D2ED2CB00E402DB /* GameKit.framework in Frameworks */ = {isa = PBXBuildFile; fileRef = 1FCB696E1D2ED2CB00E402DB /* GameKit.framework */; };
		1FCB69711D2ED2CF00E402DB /* StoreKit.framework in Frameworks */ = {isa = PBXBuildFile; fileRef = 1FCB69701D2ED2CF00E402DB /* StoreKit.framework */; };
		1FE8B67F1D38250D000788E2 /* METKeyboard.m in Sources */ = {isa = PBXBuildFile; fileRef = 1FE8B67E1D38250D000788E2 /* METKeyboard.m */; };
/* End PBXBuildFile section */

/* Begin PBXContainerItemProxy section */
		1F35E50F19BA18DA002D12C7 /* PBXContainerItemProxy */ = {
			isa = PBXContainerItemProxy;
			containerPortal = 1F35E4E119BA18DA002D12C7 /* Project object */;
			proxyType = 1;
			remoteGlobalIDString = 1F35E4E819BA18DA002D12C7;
			remoteInfo = AudioLab;
		};
/* End PBXContainerItemProxy section */

/* Begin PBXFileReference section */
		1F35E4E919BA18DA002D12C7 /* AudioWorks.app */ = {isa = PBXFileReference; explicitFileType = wrapper.application; includeInIndex = 0; path = AudioWorks.app; sourceTree = BUILT_PRODUCTS_DIR; };
		1F35E4F419BA18DA002D12C7 /* AudioWorks-Info.plist */ = {isa = PBXFileReference; lastKnownFileType = text.plist.xml; path = "AudioWorks-Info.plist"; sourceTree = "<group>"; };
		1F35E4F619BA18DA002D12C7 /* en */ = {isa = PBXFileReference; lastKnownFileType = text.plist.strings; name = en; path = en.lproj/InfoPlist.strings; sourceTree = "<group>"; };
		1F35E4F819BA18DA002D12C7 /* main.m */ = {isa = PBXFileReference; lastKnownFileType = sourcecode.c.objc; path = main.m; sourceTree = "<group>"; };
		1F35E4FA19BA18DA002D12C7 /* AudioWorks-Prefix.pch */ = {isa = PBXFileReference; lastKnownFileType = sourcecode.c.h; path = "AudioWorks-Prefix.pch"; sourceTree = "<group>"; };
		1F35E4FB19BA18DA002D12C7 /* AppDelegate.h */ = {isa = PBXFileReference; lastKnownFileType = sourcecode.c.h; path = AppDelegate.h; sourceTree = "<group>"; };
		1F35E4FC19BA18DA002D12C7 /* AppDelegate.m */ = {isa = PBXFileReference; lastKnownFileType = sourcecode.c.objc; path = AppDelegate.m; sourceTree = "<group>"; };
		1F35E4FF19BA18DA002D12C7 /* Base */ = {isa = PBXFileReference; lastKnownFileType = file.storyboard; name = Base; path = Base.lproj/Main.storyboard; sourceTree = "<group>"; };
		1F35E50419BA18DA002D12C7 /* Images.xcassets */ = {isa = PBXFileReference; lastKnownFileType = folder.assetcatalog; path = Images.xcassets; sourceTree = "<group>"; };
		1F35E50A19BA18DA002D12C7 /* AudioWorksTests.xctest */ = {isa = PBXFileReference; explicitFileType = wrapper.cfbundle; includeInIndex = 0; path = AudioWorksTests.xctest; sourceTree = BUILT_PRODUCTS_DIR; };
		1F35E51319BA18DA002D12C7 /* AudioWorksTests-Info.plist */ = {isa = PBXFileReference; lastKnownFileType = text.plist.xml; path = "AudioWorksTests-Info.plist"; sourceTree = "<group>"; };
		1F35E51519BA18DA002D12C7 /* en */ = {isa = PBXFileReference; lastKnownFileType = text.plist.strings; name = en; path = en.lproj/InfoPlist.strings; sourceTree = "<group>"; };
		1F35E51719BA18DA002D12C7 /* AudioLabTests.m */ = {isa = PBXFileReference; lastKnownFileType = sourcecode.c.objc; path = AudioLabTests.m; sourceTree = "<group>"; };
		1F35E52219BA192F002D12C7 /* AudioController.h */ = {isa = PBXFileReference; fileEncoding = 4; lastKnownFileType = sourcecode.c.h; path = AudioController.h; sourceTree = "<group>"; };
		1F35E52319BA192F002D12C7 /* AudioController.mm */ = {isa = PBXFileReference; fileEncoding = 4; lastKnownFileType = sourcecode.cpp.objcpp; path = AudioController.mm; sourceTree = "<group>"; };
		1F35E52E19BA192F002D12C7 /* NVAllpassFilter.h */ = {isa = PBXFileReference; fileEncoding = 4; lastKnownFileType = sourcecode.c.h; path = NVAllpassFilter.h; sourceTree = "<group>"; };
		1F35E52F19BA192F002D12C7 /* NVAllpassFilter.m */ = {isa = PBXFileReference; fileEncoding = 4; lastKnownFileType = sourcecode.c.objc; path = NVAllpassFilter.m; sourceTree = "<group>"; };
		1F35E53019BA192F002D12C7 /* NVBandpassFilter.h */ = {isa = PBXFileReference; fileEncoding = 4; lastKnownFileType = sourcecode.c.h; path = NVBandpassFilter.h; sourceTree = "<group>"; };
		1F35E53119BA192F002D12C7 /* NVBandpassFilter.m */ = {isa = PBXFileReference; fileEncoding = 4; lastKnownFileType = sourcecode.c.objc; path = NVBandpassFilter.m; sourceTree = "<group>"; };
		1F35E53219BA192F002D12C7 /* NVBandpassQPeakGainFilter.h */ = {isa = PBXFileReference; fileEncoding = 4; lastKnownFileType = sourcecode.c.h; path = NVBandpassQPeakGainFilter.h; sourceTree = "<group>"; };
		1F35E53319BA192F002D12C7 /* NVBandpassQPeakGainFilter.m */ = {isa = PBXFileReference; fileEncoding = 4; lastKnownFileType = sourcecode.c.objc; path = NVBandpassQPeakGainFilter.m; sourceTree = "<group>"; };
		1F35E53419BA192F002D12C7 /* NVHighpassFilter.h */ = {isa = PBXFileReference; fileEncoding = 4; lastKnownFileType = sourcecode.c.h; path = NVHighpassFilter.h; sourceTree = "<group>"; };
		1F35E53519BA192F002D12C7 /* NVHighpassFilter.m */ = {isa = PBXFileReference; fileEncoding = 4; lastKnownFileType = sourcecode.c.objc; path = NVHighpassFilter.m; sourceTree = "<group>"; };
		1F35E53619BA192F002D12C7 /* NVHighShelvingFilter.h */ = {isa = PBXFileReference; fileEncoding = 4; lastKnownFileType = sourcecode.c.h; path = NVHighShelvingFilter.h; sourceTree = "<group>"; };
		1F35E53719BA192F002D12C7 /* NVHighShelvingFilter.m */ = {isa = PBXFileReference; fileEncoding = 4; lastKnownFileType = sourcecode.c.objc; path = NVHighShelvingFilter.m; sourceTree = "<group>"; };
		1F35E53819BA192F002D12C7 /* NVLowpassFilter.h */ = {isa = PBXFileReference; fileEncoding = 4; lastKnownFileType = sourcecode.c.h; path = NVLowpassFilter.h; sourceTree = "<group>"; };
		1F35E53919BA192F002D12C7 /* NVLowpassFilter.m */ = {isa = PBXFileReference; fileEncoding = 4; lastKnownFileType = sourcecode.c.objc; path = NVLowpassFilter.m; sourceTree = "<group>"; };
		1F35E53A19BA192F002D12C7 /* NVLowShelvingFilter.h */ = {isa = PBXFileReference; fileEncoding = 4; lastKnownFileType = sourcecode.c.h; path = NVLowShelvingFilter.h; sourceTree = "<group>"; };
		1F35E53B19BA192F002D12C7 /* NVLowShelvingFilter.m */ = {isa = PBXFileReference; fileEncoding = 4; lastKnownFileType = sourcecode.c.objc; path = NVLowShelvingFilter.m; sourceTree = "<group>"; };
		1F35E53C19BA192F002D12C7 /* NVNotchFilter.h */ = {isa = PBXFileReference; fileEncoding = 4; lastKnownFileType = sourcecode.c.h; path = NVNotchFilter.h; sourceTree = "<group>"; };
		1F35E53D19BA192F002D12C7 /* NVNotchFilter.m */ = {isa = PBXFileReference; fileEncoding = 4; lastKnownFileType = sourcecode.c.objc; path = NVNotchFilter.m; sourceTree = "<group>"; };
		1F35E53E19BA192F002D12C7 /* NVPeakingEQFilter.h */ = {isa = PBXFileReference; fileEncoding = 4; lastKnownFileType = sourcecode.c.h; path = NVPeakingEQFilter.h; sourceTree = "<group>"; };
		1F35E53F19BA192F002D12C7 /* NVPeakingEQFilter.m */ = {isa = PBXFileReference; fileEncoding = 4; lastKnownFileType = sourcecode.c.objc; path = NVPeakingEQFilter.m; sourceTree = "<group>"; };
		1F35E54019BA192F002D12C7 /* NVDSP.h */ = {isa = PBXFileReference; fileEncoding = 4; lastKnownFileType = sourcecode.c.h; path = NVDSP.h; sourceTree = "<group>"; };
		1F35E54119BA192F002D12C7 /* NVDSP.mm */ = {isa = PBXFileReference; fileEncoding = 4; lastKnownFileType = sourcecode.cpp.objcpp; path = NVDSP.mm; sourceTree = "<group>"; };
		1F35E56419BA199E002D12C7 /* CircularBuffer.h */ = {isa = PBXFileReference; fileEncoding = 4; lastKnownFileType = sourcecode.c.h; path = CircularBuffer.h; sourceTree = "<group>"; };
		1F35E56519BA199E002D12C7 /* CircularBuffer.m */ = {isa = PBXFileReference; fileEncoding = 4; lastKnownFileType = sourcecode.c.objc; path = CircularBuffer.m; sourceTree = "<group>"; };
		1F35E57E19BA3FF3002D12C7 /* AudioWorks.entitlements */ = {isa = PBXFileReference; lastKnownFileType = text.plist.entitlements; path = AudioWorks.entitlements; sourceTree = "<group>"; };
		1F3FDE101ECC99E800761C73 /* AdditiveSynth.h */ = {isa = PBXFileReference; fileEncoding = 4; lastKnownFileType = sourcecode.c.h; path = AdditiveSynth.h; sourceTree = "<group>"; };
		1F3FDE111ECC99E800761C73 /* AdditiveSynth.m */ = {isa = PBXFileReference; fileEncoding = 4; lastKnownFileType = sourcecode.c.objc; path = AdditiveSynth.m; sourceTree = "<group>"; };
		1F3FDE121ECC99E800761C73 /* WavetableSynth.h */ = {isa = PBXFileReference; fileEncoding = 4; lastKnownFileType = sourcecode.c.h; path = WavetableSynth.h; sourceTree = "<group>"; };
		1F3FDE131ECC99E800761C73 /* WavetableSynth.m */ = {isa = PBXFileReference; fileEncoding = 4; lastKnownFileType = sourcecode.c.objc; path = WavetableSynth.m; sourceTree = "<group>"; };
		1F3FDE161ECC9A3D00761C73 /* FunctionDrawView.h */ = {isa = PBXFileReference; fileEncoding = 4; lastKnownFileType = sourcecode.c.h; name = FunctionDrawView.h; path = Interface/FunctionDrawView.h; sourceTree = SOURCE_ROOT; };
		1F3FDE171ECC9A3D00761C73 /* FunctionDrawView.m */ = {isa = PBXFileReference; fileEncoding = 4; lastKnownFileType = sourcecode.c.objc; name = FunctionDrawView.m; path = Interface/FunctionDrawView.m; sourceTree = SOURCE_ROOT; };
		1F5FDB771B4C43180046FA49 /* Constants.h */ = {isa = PBXFileReference; lastKnownFileType = sourcecode.c.h; path = Constants.h; sourceTree = "<group>"; };
		1F6E97EC1ECCA7B9001DB29B /* Chevron_down.png */ = {isa = PBXFileReference; lastKnownFileType = image.png; path = Chevron_down.png; sourceTree = "<group>"; };
		1F6E97ED1ECCA7B9001DB29B /* Chevron_left.png */ = {isa = PBXFileReference; lastKnownFileType = image.png; path = Chevron_left.png; sourceTree = "<group>"; };
		1F6E97EE1ECCA7B9001DB29B /* Chevron_right.png */ = {isa = PBXFileReference; lastKnownFileType = image.png; path = Chevron_right.png; sourceTree = "<group>"; };
		1F6E97EF1ECCA7B9001DB29B /* Chevron_small.png */ = {isa = PBXFileReference; lastKnownFileType = image.png; path = Chevron_small.png; sourceTree = "<group>"; };
		1F6E97F01ECCA7B9001DB29B /* Chevron_up.png */ = {isa = PBXFileReference; lastKnownFileType = image.png; path = Chevron_up.png; sourceTree = "<group>"; };
		1F6E97F11ECCA7B9001DB29B /* Chevron.png */ = {isa = PBXFileReference; lastKnownFileType = image.png; path = Chevron.png; sourceTree = "<group>"; };
		1F6E97F21ECCA7B9001DB29B /* CreditsButton_down.png */ = {isa = PBXFileReference; lastKnownFileType = image.png; path = CreditsButton_down.png; sourceTree = "<group>"; };
		1F6E97F31ECCA7B9001DB29B /* CreditsButton.png */ = {isa = PBXFileReference; lastKnownFileType = image.png; path = CreditsButton.png; sourceTree = "<group>"; };
		1F6E97F41ECCA7B9001DB29B /* HarmonicsButton.png */ = {isa = PBXFileReference; lastKnownFileType = image.png; path = HarmonicsButton.png; sourceTree = "<group>"; };
		1F6E97F51ECCA7B9001DB29B /* HelpButton_down_small.png */ = {isa = PBXFileReference; lastKnownFileType = image.png; path = HelpButton_down_small.png; sourceTree = "<group>"; };
		1F6E97F61ECCA7B9001DB29B /* HelpButton_small.png */ = {isa = PBXFileReference; lastKnownFileType = image.png; path = HelpButton_small.png; sourceTree = "<group>"; };
		1F6E97F71ECCA7B9001DB29B /* HelpButton.png */ = {isa = PBXFileReference; lastKnownFileType = image.png; path = HelpButton.png; sourceTree = "<group>"; };
		1F6E97F81ECCA7B9001DB29B /* KeyboardButton_down.png */ = {isa = PBXFileReference; lastKnownFileType = image.png; path = KeyboardButton_down.png; sourceTree = "<group>"; };
		1F6E97F91ECCA7B9001DB29B /* KeyboardButton.png */ = {isa = PBXFileReference; lastKnownFileType = image.png; path = KeyboardButton.png; sourceTree = "<group>"; };
		1F6E97FA1ECCA7B9001DB29B /* MidiButton.png */ = {isa = PBXFileReference; lastKnownFileType = image.png; path = MidiButton.png; sourceTree = "<group>"; };
		1F6E97FB1ECCA7B9001DB29B /* Playhead.png */ = {isa = PBXFileReference; lastKnownFileType = image.png; path = Playhead.png; sourceTree = "<group>"; };
		1F6E97FC1ECCA7B9001DB29B /* recordStateButton_Pause.png */ = {isa = PBXFileReference; lastKnownFileType = image.png; path = recordStateButton_Pause.png; sourceTree = "<group>"; };
		1F6E97FD1ECCA7B9001DB29B /* recordStateButton_Play.png */ = {isa = PBXFileReference; lastKnownFileType = image.png; path = recordStateButton_Play.png; sourceTree = "<group>"; };
		1F6E97FE1ECCA7B9001DB29B /* recordStateButton_Record.png */ = {isa = PBXFileReference; lastKnownFileType = image.png; path = recordStateButton_Record.png; sourceTree = "<group>"; };
		1F7F15251B3B4F2900BDDC9A /* AnalysisViewController.h */ = {isa = PBXFileReference; fileEncoding = 4; lastKnownFileType = sourcecode.c.h; path = AnalysisViewController.h; sourceTree = "<group>"; };
		1F7F15261B3B4F2900BDDC9A /* AnalysisViewController.m */ = {isa = PBXFileReference; fileEncoding = 4; lastKnownFileType = sourcecode.c.objc; path = AnalysisViewController.m; sourceTree = "<group>"; };
		1F7F15281B3B4F4200BDDC9A /* EffectsViewController.h */ = {isa = PBXFileReference; fileEncoding = 4; lastKnownFileType = sourcecode.c.h; path = EffectsViewController.h; sourceTree = "<group>"; };
		1F7F15291B3B4F4200BDDC9A /* EffectsViewController.m */ = {isa = PBXFileReference; fileEncoding = 4; lastKnownFileType = sourcecode.c.objc; path = EffectsViewController.m; sourceTree = "<group>"; };
		1F7F152B1B3B4F5100BDDC9A /* SynthesisViewController.h */ = {isa = PBXFileReference; fileEncoding = 4; lastKnownFileType = sourcecode.c.h; path = SynthesisViewController.h; sourceTree = "<group>"; };
		1F7F152C1B3B4F5100BDDC9A /* SynthesisViewController.m */ = {isa = PBXFileReference; fileEncoding = 4; lastKnownFileType = sourcecode.c.objc; path = SynthesisViewController.m; sourceTree = "<group>"; };
		1F7F152E1B3B548D00BDDC9A /* CreditsViewController.h */ = {isa = PBXFileReference; fileEncoding = 4; lastKnownFileType = sourcecode.c.h; path = CreditsViewController.h; sourceTree = "<group>"; };
		1F7F152F1B3B548D00BDDC9A /* CreditsViewController.m */ = {isa = PBXFileReference; fileEncoding = 4; lastKnownFileType = sourcecode.c.objc; path = CreditsViewController.m; sourceTree = "<group>"; };
		1F7F156A1B3DAFC700BDDC9A /* DetailViewController.h */ = {isa = PBXFileReference; fileEncoding = 4; lastKnownFileType = sourcecode.c.h; path = DetailViewController.h; sourceTree = "<group>"; };
		1F7F156B1B3DAFC700BDDC9A /* DetailViewController.m */ = {isa = PBXFileReference; fileEncoding = 4; lastKnownFileType = sourcecode.c.objc; path = DetailViewController.m; sourceTree = "<group>"; };
		1F8076F41D30185800D9E998 /* MIDIController.h */ = {isa = PBXFileReference; fileEncoding = 4; lastKnownFileType = sourcecode.c.h; path = MIDIController.h; sourceTree = "<group>"; };
		1F8076F51D30185800D9E998 /* MIDIController.m */ = {isa = PBXFileReference; fileEncoding = 4; lastKnownFileType = sourcecode.c.objc; path = MIDIController.m; sourceTree = "<group>"; };
		1F9224C41CD793E700DD2949 /* FilterTapRegionView.h */ = {isa = PBXFileReference; fileEncoding = 4; lastKnownFileType = sourcecode.c.h; name = FilterTapRegionView.h; path = Interface/FilterTapRegionView.h; sourceTree = SOURCE_ROOT; };
		1F9224C51CD793E700DD2949 /* FilterTapRegionView.m */ = {isa = PBXFileReference; fileEncoding = 4; lastKnownFileType = sourcecode.c.objc; name = FilterTapRegionView.m; path = Interface/FilterTapRegionView.m; sourceTree = SOURCE_ROOT; };
		1F9224C61CD793E700DD2949 /* HarmonicDotArray.h */ = {isa = PBXFileReference; fileEncoding = 4; lastKnownFileType = sourcecode.c.h; name = HarmonicDotArray.h; path = Interface/HarmonicDotArray.h; sourceTree = SOURCE_ROOT; };
		1F9224C71CD793E700DD2949 /* HarmonicDotArray.m */ = {isa = PBXFileReference; fileEncoding = 4; lastKnownFileType = sourcecode.c.objc; name = HarmonicDotArray.m; path = Interface/HarmonicDotArray.m; sourceTree = SOURCE_ROOT; };
		1F9224C81CD793E700DD2949 /* HelpBubble.h */ = {isa = PBXFileReference; fileEncoding = 4; lastKnownFileType = sourcecode.c.h; name = HelpBubble.h; path = Interface/HelpBubble.h; sourceTree = SOURCE_ROOT; };
		1F9224C91CD793E700DD2949 /* HelpBubble.m */ = {isa = PBXFileReference; fileEncoding = 4; lastKnownFileType = sourcecode.c.objc; name = HelpBubble.m; path = Interface/HelpBubble.m; sourceTree = SOURCE_ROOT; };
		1F9224CA1CD793E700DD2949 /* METButton.h */ = {isa = PBXFileReference; fileEncoding = 4; lastKnownFileType = sourcecode.c.h; name = METButton.h; path = Interface/METButton.h; sourceTree = SOURCE_ROOT; };
		1F9224CB1CD793E700DD2949 /* METButton.m */ = {isa = PBXFileReference; fileEncoding = 4; lastKnownFileType = sourcecode.c.objc; name = METButton.m; path = Interface/METButton.m; sourceTree = SOURCE_ROOT; };
		1F9224CC1CD793E700DD2949 /* METDrawer.h */ = {isa = PBXFileReference; fileEncoding = 4; lastKnownFileType = sourcecode.c.h; name = METDrawer.h; path = Interface/METDrawer.h; sourceTree = SOURCE_ROOT; };
		1F9224CD1CD793E700DD2949 /* METDrawer.m */ = {isa = PBXFileReference; fileEncoding = 4; lastKnownFileType = sourcecode.c.objc; name = METDrawer.m; path = Interface/METDrawer.m; sourceTree = SOURCE_ROOT; };
		1F9224CE1CD793E700DD2949 /* METScopeControlArray.h */ = {isa = PBXFileReference; fileEncoding = 4; lastKnownFileType = sourcecode.c.h; name = METScopeControlArray.h; path = Interface/METScopeControlArray.h; sourceTree = SOURCE_ROOT; };
		1F9224CF1CD793E700DD2949 /* METScopeControlArray.m */ = {isa = PBXFileReference; fileEncoding = 4; lastKnownFileType = sourcecode.c.objc; name = METScopeControlArray.m; path = Interface/METScopeControlArray.m; sourceTree = SOURCE_ROOT; };
		1F9224D01CD793E700DD2949 /* METScopeView.h */ = {isa = PBXFileReference; fileEncoding = 4; lastKnownFileType = sourcecode.c.h; name = METScopeView.h; path = Interface/METScopeView.h; sourceTree = SOURCE_ROOT; };
		1F9224D11CD793E700DD2949 /* METScopeView.m */ = {isa = PBXFileReference; fileEncoding = 4; lastKnownFileType = sourcecode.c.objc; name = METScopeView.m; path = Interface/METScopeView.m; sourceTree = SOURCE_ROOT; };
		1F9224D21CD793E700DD2949 /* METSlider.h */ = {isa = PBXFileReference; fileEncoding = 4; lastKnownFileType = sourcecode.c.h; name = METSlider.h; path = Interface/METSlider.h; sourceTree = SOURCE_ROOT; };
		1F9224D31CD793E700DD2949 /* METSlider.m */ = {isa = PBXFileReference; fileEncoding = 4; lastKnownFileType = sourcecode.c.objc; name = METSlider.m; path = Interface/METSlider.m; sourceTree = SOURCE_ROOT; };
		1F9224D41CD793E700DD2949 /* ParameterView.h */ = {isa = PBXFileReference; fileEncoding = 4; lastKnownFileType = sourcecode.c.h; name = ParameterView.h; path = Interface/ParameterView.h; sourceTree = SOURCE_ROOT; };
		1F9224D51CD793E700DD2949 /* ParameterView.m */ = {isa = PBXFileReference; fileEncoding = 4; lastKnownFileType = sourcecode.c.objc; name = ParameterView.m; path = Interface/ParameterView.m; sourceTree = SOURCE_ROOT; };
		1F9D0B691A083037008270FC /* icon_29.png */ = {isa = PBXFileReference; lastKnownFileType = image.png; name = icon_29.png; path = v3/icon_29.png; sourceTree = "<group>"; };
		1F9D0B6A1A083037008270FC /* icon_40.png */ = {isa = PBXFileReference; lastKnownFileType = image.png; name = icon_40.png; path = v3/icon_40.png; sourceTree = "<group>"; };
		1F9D0B6B1A083037008270FC /* icon_58.png */ = {isa = PBXFileReference; lastKnownFileType = image.png; name = icon_58.png; path = v3/icon_58.png; sourceTree = "<group>"; };
		1F9D0B6C1A083037008270FC /* icon_76.png */ = {isa = PBXFileReference; lastKnownFileType = image.png; name = icon_76.png; path = v3/icon_76.png; sourceTree = "<group>"; };
		1F9D0B6D1A083037008270FC /* icon_80.png */ = {isa = PBXFileReference; lastKnownFileType = image.png; name = icon_80.png; path = v3/icon_80.png; sourceTree = "<group>"; };
		1F9D0B6E1A083037008270FC /* icon_152.png */ = {isa = PBXFileReference; lastKnownFileType = image.png; name = icon_152.png; path = v3/icon_152.png; sourceTree = "<group>"; };
		1F9D0B6F1A083037008270FC /* icon.png */ = {isa = PBXFileReference; lastKnownFileType = image.png; name = icon.png; path = v3/icon.png; sourceTree = "<group>"; };
		1FCB696E1D2ED2CB00E402DB /* GameKit.framework */ = {isa = PBXFileReference; lastKnownFileType = wrapper.framework; name = GameKit.framework; path = System/Library/Frameworks/GameKit.framework; sourceTree = SDKROOT; };
		1FCB69701D2ED2CF00E402DB /* StoreKit.framework */ = {isa = PBXFileReference; lastKnownFileType = wrapper.framework; name = StoreKit.framework; path = System/Library/Frameworks/StoreKit.framework; sourceTree = SDKROOT; };
		1FE8B67D1D38250D000788E2 /* METKeyboard.h */ = {isa = PBXFileReference; fileEncoding = 4; lastKnownFileType = sourcecode.c.h; name = METKeyboard.h; path = Interface/METKeyboard.h; sourceTree = SOURCE_ROOT; };
		1FE8B67E1D38250D000788E2 /* METKeyboard.m */ = {isa = PBXFileReference; fileEncoding = 4; lastKnownFileType = sourcecode.c.objc; name = METKeyboard.m; path = Interface/METKeyboard.m; sourceTree = SOURCE_ROOT; };
/* End PBXFileReference section */

/* Begin PBXFrameworksBuildPhase section */
		1F35E4E619BA18DA002D12C7 /* Frameworks */ = {
			isa = PBXFrameworksBuildPhase;
			buildActionMask = 2147483647;
			files = (
				1FCB696F1D2ED2CB00E402DB /* GameKit.framework in Frameworks */,
				1FCB69711D2ED2CF00E402DB /* StoreKit.framework in Frameworks */,
			);
			runOnlyForDeploymentPostprocessing = 0;
		};
		1F35E50719BA18DA002D12C7 /* Frameworks */ = {
			isa = PBXFrameworksBuildPhase;
			buildActionMask = 2147483647;
			files = (
			);
			runOnlyForDeploymentPostprocessing = 0;
		};
/* End PBXFrameworksBuildPhase section */

/* Begin PBXGroup section */
		1F35E4E019BA18DA002D12C7 = {
			isa = PBXGroup;
			children = (
				1F7C675019E450B90068A961 /* Images */,
				1F35E52119BA192F002D12C7 /* Audio */,
				1F35E52419BA192F002D12C7 /* Icons */,
				1F35E54219BA192F002D12C7 /* Interface */,
				1F35E4F219BA18DA002D12C7 /* AudioWorks */,
				1F35E51119BA18DA002D12C7 /* AudioWorksTests */,
				1F35E4EB19BA18DA002D12C7 /* Frameworks */,
				1F35E4EA19BA18DA002D12C7 /* Products */,
			);
			sourceTree = "<group>";
		};
		1F35E4EA19BA18DA002D12C7 /* Products */ = {
			isa = PBXGroup;
			children = (
				1F35E4E919BA18DA002D12C7 /* AudioWorks.app */,
				1F35E50A19BA18DA002D12C7 /* AudioWorksTests.xctest */,
			);
			name = Products;
			sourceTree = "<group>";
		};
		1F35E4EB19BA18DA002D12C7 /* Frameworks */ = {
			isa = PBXGroup;
			children = (
				1FCB69701D2ED2CF00E402DB /* StoreKit.framework */,
				1FCB696E1D2ED2CB00E402DB /* GameKit.framework */,
				1F35E52C19BA192F002D12C7 /* NVDSP */,
			);
			name = Frameworks;
			sourceTree = "<group>";
		};
		1F35E4F219BA18DA002D12C7 /* AudioWorks */ = {
			isa = PBXGroup;
			children = (
				1F5FDB771B4C43180046FA49 /* Constants.h */,
				1F7F156A1B3DAFC700BDDC9A /* DetailViewController.h */,
				1F7F156B1B3DAFC700BDDC9A /* DetailViewController.m */,
				1F7F15251B3B4F2900BDDC9A /* AnalysisViewController.h */,
				1F7F15261B3B4F2900BDDC9A /* AnalysisViewController.m */,
				1F7F15281B3B4F4200BDDC9A /* EffectsViewController.h */,
				1F7F15291B3B4F4200BDDC9A /* EffectsViewController.m */,
				1F7F152B1B3B4F5100BDDC9A /* SynthesisViewController.h */,
				1F7F152C1B3B4F5100BDDC9A /* SynthesisViewController.m */,
				1F35E57E19BA3FF3002D12C7 /* AudioWorks.entitlements */,
				1F35E4FB19BA18DA002D12C7 /* AppDelegate.h */,
				1F35E4FC19BA18DA002D12C7 /* AppDelegate.m */,
				1F35E4FE19BA18DA002D12C7 /* Main.storyboard */,
				1F7F152E1B3B548D00BDDC9A /* CreditsViewController.h */,
				1F7F152F1B3B548D00BDDC9A /* CreditsViewController.m */,
				1F35E50419BA18DA002D12C7 /* Images.xcassets */,
				1F35E4F319BA18DA002D12C7 /* Supporting Files */,
				1F8076F41D30185800D9E998 /* MIDIController.h */,
				1F8076F51D30185800D9E998 /* MIDIController.m */,
			);
			path = AudioWorks;
			sourceTree = "<group>";
		};
		1F35E4F319BA18DA002D12C7 /* Supporting Files */ = {
			isa = PBXGroup;
			children = (
				1F35E4F419BA18DA002D12C7 /* AudioWorks-Info.plist */,
				1F35E4F519BA18DA002D12C7 /* InfoPlist.strings */,
				1F35E4F819BA18DA002D12C7 /* main.m */,
				1F35E4FA19BA18DA002D12C7 /* AudioWorks-Prefix.pch */,
			);
			name = "Supporting Files";
			sourceTree = "<group>";
		};
		1F35E51119BA18DA002D12C7 /* AudioWorksTests */ = {
			isa = PBXGroup;
			children = (
				1F35E51719BA18DA002D12C7 /* AudioLabTests.m */,
				1F35E51219BA18DA002D12C7 /* Supporting Files */,
			);
			path = AudioWorksTests;
			sourceTree = "<group>";
		};
		1F35E51219BA18DA002D12C7 /* Supporting Files */ = {
			isa = PBXGroup;
			children = (
				1F35E51319BA18DA002D12C7 /* AudioWorksTests-Info.plist */,
				1F35E51419BA18DA002D12C7 /* InfoPlist.strings */,
			);
			name = "Supporting Files";
			sourceTree = "<group>";
		};
		1F35E52119BA192F002D12C7 /* Audio */ = {
			isa = PBXGroup;
			children = (
				1F3FDE101ECC99E800761C73 /* AdditiveSynth.h */,
				1F3FDE111ECC99E800761C73 /* AdditiveSynth.m */,
				1F3FDE121ECC99E800761C73 /* WavetableSynth.h */,
				1F3FDE131ECC99E800761C73 /* WavetableSynth.m */,
				1F35E56419BA199E002D12C7 /* CircularBuffer.h */,
				1F35E56519BA199E002D12C7 /* CircularBuffer.m */,
				1F35E52219BA192F002D12C7 /* AudioController.h */,
				1F35E52319BA192F002D12C7 /* AudioController.mm */,
			);
			path = Audio;
			sourceTree = "<group>";
		};
		1F35E52419BA192F002D12C7 /* Icons */ = {
			isa = PBXGroup;
			children = (
				1F9D0B691A083037008270FC /* icon_29.png */,
				1F9D0B6A1A083037008270FC /* icon_40.png */,
				1F9D0B6B1A083037008270FC /* icon_58.png */,
				1F9D0B6C1A083037008270FC /* icon_76.png */,
				1F9D0B6D1A083037008270FC /* icon_80.png */,
				1F9D0B6E1A083037008270FC /* icon_152.png */,
				1F9D0B6F1A083037008270FC /* icon.png */,
			);
			path = Icons;
			sourceTree = "<group>";
		};
		1F35E52C19BA192F002D12C7 /* NVDSP */ = {
			isa = PBXGroup;
			children = (
				1F35E52D19BA192F002D12C7 /* Filters */,
				1F35E54019BA192F002D12C7 /* NVDSP.h */,
				1F35E54119BA192F002D12C7 /* NVDSP.mm */,
			);
			path = NVDSP;
			sourceTree = "<group>";
		};
		1F35E52D19BA192F002D12C7 /* Filters */ = {
			isa = PBXGroup;
			children = (
				1F35E52E19BA192F002D12C7 /* NVAllpassFilter.h */,
				1F35E52F19BA192F002D12C7 /* NVAllpassFilter.m */,
				1F35E53019BA192F002D12C7 /* NVBandpassFilter.h */,
				1F35E53119BA192F002D12C7 /* NVBandpassFilter.m */,
				1F35E53219BA192F002D12C7 /* NVBandpassQPeakGainFilter.h */,
				1F35E53319BA192F002D12C7 /* NVBandpassQPeakGainFilter.m */,
				1F35E53419BA192F002D12C7 /* NVHighpassFilter.h */,
				1F35E53519BA192F002D12C7 /* NVHighpassFilter.m */,
				1F35E53619BA192F002D12C7 /* NVHighShelvingFilter.h */,
				1F35E53719BA192F002D12C7 /* NVHighShelvingFilter.m */,
				1F35E53819BA192F002D12C7 /* NVLowpassFilter.h */,
				1F35E53919BA192F002D12C7 /* NVLowpassFilter.m */,
				1F35E53A19BA192F002D12C7 /* NVLowShelvingFilter.h */,
				1F35E53B19BA192F002D12C7 /* NVLowShelvingFilter.m */,
				1F35E53C19BA192F002D12C7 /* NVNotchFilter.h */,
				1F35E53D19BA192F002D12C7 /* NVNotchFilter.m */,
				1F35E53E19BA192F002D12C7 /* NVPeakingEQFilter.h */,
				1F35E53F19BA192F002D12C7 /* NVPeakingEQFilter.m */,
			);
			path = Filters;
			sourceTree = "<group>";
		};
		1F35E54219BA192F002D12C7 /* Interface */ = {
			isa = PBXGroup;
			children = (
				1F3FDE161ECC9A3D00761C73 /* FunctionDrawView.h */,
				1F3FDE171ECC9A3D00761C73 /* FunctionDrawView.m */,
				1FE8B67D1D38250D000788E2 /* METKeyboard.h */,
				1FE8B67E1D38250D000788E2 /* METKeyboard.m */,
				1F9224C41CD793E700DD2949 /* FilterTapRegionView.h */,
				1F9224C51CD793E700DD2949 /* FilterTapRegionView.m */,
				1F9224C61CD793E700DD2949 /* HarmonicDotArray.h */,
				1F9224C71CD793E700DD2949 /* HarmonicDotArray.m */,
				1F9224C81CD793E700DD2949 /* HelpBubble.h */,
				1F9224C91CD793E700DD2949 /* HelpBubble.m */,
				1F9224CA1CD793E700DD2949 /* METButton.h */,
				1F9224CB1CD793E700DD2949 /* METButton.m */,
				1F9224CC1CD793E700DD2949 /* METDrawer.h */,
				1F9224CD1CD793E700DD2949 /* METDrawer.m */,
				1F9224CE1CD793E700DD2949 /* METScopeControlArray.h */,
				1F9224CF1CD793E700DD2949 /* METScopeControlArray.m */,
				1F9224D01CD793E700DD2949 /* METScopeView.h */,
				1F9224D11CD793E700DD2949 /* METScopeView.m */,
				1F9224D21CD793E700DD2949 /* METSlider.h */,
				1F9224D31CD793E700DD2949 /* METSlider.m */,
				1F9224D41CD793E700DD2949 /* ParameterView.h */,
				1F9224D51CD793E700DD2949 /* ParameterView.m */,
			);
			path = Interface;
			sourceTree = "<group>";
		};
		1F7C675019E450B90068A961 /* Images */ = {
			isa = PBXGroup;
			children = (
				1F6E97EC1ECCA7B9001DB29B /* Chevron_down.png */,
				1F6E97ED1ECCA7B9001DB29B /* Chevron_left.png */,
				1F6E97EE1ECCA7B9001DB29B /* Chevron_right.png */,
				1F6E97EF1ECCA7B9001DB29B /* Chevron_small.png */,
				1F6E97F01ECCA7B9001DB29B /* Chevron_up.png */,
				1F6E97F11ECCA7B9001DB29B /* Chevron.png */,
				1F6E97F21ECCA7B9001DB29B /* CreditsButton_down.png */,
				1F6E97F31ECCA7B9001DB29B /* CreditsButton.png */,
				1F6E97F41ECCA7B9001DB29B /* HarmonicsButton.png */,
				1F6E97F51ECCA7B9001DB29B /* HelpButton_down_small.png */,
				1F6E97F61ECCA7B9001DB29B /* HelpButton_small.png */,
				1F6E97F71ECCA7B9001DB29B /* HelpButton.png */,
				1F6E97F81ECCA7B9001DB29B /* KeyboardButton_down.png */,
				1F6E97F91ECCA7B9001DB29B /* KeyboardButton.png */,
				1F6E97FA1ECCA7B9001DB29B /* MidiButton.png */,
				1F6E97FB1ECCA7B9001DB29B /* Playhead.png */,
				1F6E97FC1ECCA7B9001DB29B /* recordStateButton_Pause.png */,
				1F6E97FD1ECCA7B9001DB29B /* recordStateButton_Play.png */,
				1F6E97FE1ECCA7B9001DB29B /* recordStateButton_Record.png */,
			);
			path = Images;
			sourceTree = SOURCE_ROOT;
		};
/* End PBXGroup section */

/* Begin PBXNativeTarget section */
		1F35E4E819BA18DA002D12C7 /* AudioWorks */ = {
			isa = PBXNativeTarget;
			buildConfigurationList = 1F35E51B19BA18DA002D12C7 /* Build configuration list for PBXNativeTarget "AudioWorks" */;
			buildPhases = (
				1F35E4E519BA18DA002D12C7 /* Sources */,
				1F35E4E619BA18DA002D12C7 /* Frameworks */,
				1F35E4E719BA18DA002D12C7 /* Resources */,
			);
			buildRules = (
			);
			dependencies = (
			);
			name = AudioWorks;
			productName = AudioLab;
			productReference = 1F35E4E919BA18DA002D12C7 /* AudioWorks.app */;
			productType = "com.apple.product-type.application";
		};
		1F35E50919BA18DA002D12C7 /* AudioWorksTests */ = {
			isa = PBXNativeTarget;
			buildConfigurationList = 1F35E51E19BA18DA002D12C7 /* Build configuration list for PBXNativeTarget "AudioWorksTests" */;
			buildPhases = (
				1F35E50619BA18DA002D12C7 /* Sources */,
				1F35E50719BA18DA002D12C7 /* Frameworks */,
				1F35E50819BA18DA002D12C7 /* Resources */,
			);
			buildRules = (
			);
			dependencies = (
				1F35E51019BA18DA002D12C7 /* PBXTargetDependency */,
			);
			name = AudioWorksTests;
			productName = AudioLabTests;
			productReference = 1F35E50A19BA18DA002D12C7 /* AudioWorksTests.xctest */;
			productType = "com.apple.product-type.bundle.unit-test";
		};
/* End PBXNativeTarget section */

/* Begin PBXProject section */
		1F35E4E119BA18DA002D12C7 /* Project object */ = {
			isa = PBXProject;
			attributes = {
				LastUpgradeCheck = 0510;
				ORGANIZATIONNAME = "___FULLUSERNAME___";
				TargetAttributes = {
					1F35E4E819BA18DA002D12C7 = {
						DevelopmentTeam = 38UN2K8879;
						ProvisioningStyle = Automatic;
						SystemCapabilities = {
							com.apple.BackgroundModes = {
								enabled = 0;
							};
							com.apple.GameCenter = {
								enabled = 1;
							};
							com.apple.InAppPurchase = {
								enabled = 1;
							};
							com.apple.InterAppAudio = {
								enabled = 0;
							};
						};
					};
					1F35E50919BA18DA002D12C7 = {
						TestTargetID = 1F35E4E819BA18DA002D12C7;
					};
				};
			};
			buildConfigurationList = 1F35E4E419BA18DA002D12C7 /* Build configuration list for PBXProject "AudioWorks" */;
			compatibilityVersion = "Xcode 3.2";
			developmentRegion = English;
			hasScannedForEncodings = 0;
			knownRegions = (
				en,
				Base,
			);
			mainGroup = 1F35E4E019BA18DA002D12C7;
			productRefGroup = 1F35E4EA19BA18DA002D12C7 /* Products */;
			projectDirPath = "";
			projectRoot = "";
			targets = (
				1F35E4E819BA18DA002D12C7 /* AudioWorks */,
				1F35E50919BA18DA002D12C7 /* AudioWorksTests */,
			);
		};
/* End PBXProject section */

/* Begin PBXResourcesBuildPhase section */
		1F35E4E719BA18DA002D12C7 /* Resources */ = {
			isa = PBXResourcesBuildPhase;
			buildActionMask = 2147483647;
			files = (
				1F35E50519BA18DA002D12C7 /* Images.xcassets in Resources */,
				1F9D0B751A083037008270FC /* icon_152.png in Resources */,
				1F35E4F719BA18DA002D12C7 /* InfoPlist.strings in Resources */,
				1F6E980E1ECCA7B9001DB29B /* Playhead.png in Resources */,
				1F6E98041ECCA7B9001DB29B /* Chevron.png in Resources */,
				1F9D0B701A083037008270FC /* icon_29.png in Resources */,
				1F6E980D1ECCA7B9001DB29B /* MidiButton.png in Resources */,
				1F9D0B731A083037008270FC /* icon_76.png in Resources */,
				1F6E98071ECCA7B9001DB29B /* HarmonicsButton.png in Resources */,
				1F6E98091ECCA7B9001DB29B /* HelpButton_small.png in Resources */,
				1F6E98031ECCA7B9001DB29B /* Chevron_up.png in Resources */,
				1F9D0B761A083037008270FC /* icon.png in Resources */,
				1F9D0B711A083037008270FC /* icon_40.png in Resources */,
				1F35E50019BA18DA002D12C7 /* Main.storyboard in Resources */,
				1F6E98011ECCA7B9001DB29B /* Chevron_right.png in Resources */,
				1F6E98081ECCA7B9001DB29B /* HelpButton_down_small.png in Resources */,
				1F6E980B1ECCA7B9001DB29B /* KeyboardButton_down.png in Resources */,
				1F6E98051ECCA7B9001DB29B /* CreditsButton_down.png in Resources */,
				1F6E97FF1ECCA7B9001DB29B /* Chevron_down.png in Resources */,
				1F6E98111ECCA7B9001DB29B /* recordStateButton_Record.png in Resources */,
				1F6E980F1ECCA7B9001DB29B /* recordStateButton_Pause.png in Resources */,
				1F6E980A1ECCA7B9001DB29B /* HelpButton.png in Resources */,
				1F6E980C1ECCA7B9001DB29B /* KeyboardButton.png in Resources */,
				1F9D0B741A083037008270FC /* icon_80.png in Resources */,
				1F6E98061ECCA7B9001DB29B /* CreditsButton.png in Resources */,
				1F6E98021ECCA7B9001DB29B /* Chevron_small.png in Resources */,
				1F6E98001ECCA7B9001DB29B /* Chevron_left.png in Resources */,
				1F6E98101ECCA7B9001DB29B /* recordStateButton_Play.png in Resources */,
				1F9D0B721A083037008270FC /* icon_58.png in Resources */,
			);
			runOnlyForDeploymentPostprocessing = 0;
		};
		1F35E50819BA18DA002D12C7 /* Resources */ = {
			isa = PBXResourcesBuildPhase;
			buildActionMask = 2147483647;
			files = (
				1F35E51619BA18DA002D12C7 /* InfoPlist.strings in Resources */,
			);
			runOnlyForDeploymentPostprocessing = 0;
		};
/* End PBXResourcesBuildPhase section */

/* Begin PBXSourcesBuildPhase section */
		1F35E4E519BA18DA002D12C7 /* Sources */ = {
			isa = PBXSourcesBuildPhase;
			buildActionMask = 2147483647;
			files = (
				1F9224D81CD793E700DD2949 /* HelpBubble.m in Sources */,
				1F3FDE151ECC99E800761C73 /* WavetableSynth.m in Sources */,
				1F35E54B19BA192F002D12C7 /* AudioController.mm in Sources */,
				1F9224D71CD793E700DD2949 /* HarmonicDotArray.m in Sources */,
				1F35E55319BA192F002D12C7 /* NVAllpassFilter.m in Sources */,
				1F9224D91CD793E700DD2949 /* METButton.m in Sources */,
				1F35E56619BA199E002D12C7 /* CircularBuffer.m in Sources */,
				1F9224DC1CD793E700DD2949 /* METScopeView.m in Sources */,
				1F7F15271B3B4F2900BDDC9A /* AnalysisViewController.m in Sources */,
				1F7F152D1B3B4F5100BDDC9A /* SynthesisViewController.m in Sources */,
				1F9224DA1CD793E700DD2949 /* METDrawer.m in Sources */,
				1F3FDE141ECC99E800761C73 /* AdditiveSynth.m in Sources */,
				1F35E4FD19BA18DA002D12C7 /* AppDelegate.m in Sources */,
				1F35E55A19BA192F002D12C7 /* NVNotchFilter.m in Sources */,
				1F7F156C1B3DAFC700BDDC9A /* DetailViewController.m in Sources */,
				1F35E55C19BA192F002D12C7 /* NVDSP.mm in Sources */,
				1F7F15301B3B548D00BDDC9A /* CreditsViewController.m in Sources */,
				1F8076F61D30185800D9E998 /* MIDIController.m in Sources */,
				1F35E55B19BA192F002D12C7 /* NVPeakingEQFilter.m in Sources */,
				1F35E4F919BA18DA002D12C7 /* main.m in Sources */,
				1F35E55819BA192F002D12C7 /* NVLowpassFilter.m in Sources */,
				1F9224DB1CD793E700DD2949 /* METScopeControlArray.m in Sources */,
				1F7F152A1B3B4F4200BDDC9A /* EffectsViewController.m in Sources */,
				1F35E55519BA192F002D12C7 /* NVBandpassQPeakGainFilter.m in Sources */,
				1F3FDE181ECC9A3D00761C73 /* FunctionDrawView.m in Sources */,
				1F9224DD1CD793E700DD2949 /* METSlider.m in Sources */,
				1FE8B67F1D38250D000788E2 /* METKeyboard.m in Sources */,
				1F35E55719BA192F002D12C7 /* NVHighShelvingFilter.m in Sources */,
				1F9224D61CD793E700DD2949 /* FilterTapRegionView.m in Sources */,
				1F35E55619BA192F002D12C7 /* NVHighpassFilter.m in Sources */,
				1F35E55919BA192F002D12C7 /* NVLowShelvingFilter.m in Sources */,
				1F9224DE1CD793E700DD2949 /* ParameterView.m in Sources */,
				1F35E55419BA192F002D12C7 /* NVBandpassFilter.m in Sources */,
			);
			runOnlyForDeploymentPostprocessing = 0;
		};
		1F35E50619BA18DA002D12C7 /* Sources */ = {
			isa = PBXSourcesBuildPhase;
			buildActionMask = 2147483647;
			files = (
				1F35E51819BA18DA002D12C7 /* AudioLabTests.m in Sources */,
			);
			runOnlyForDeploymentPostprocessing = 0;
		};
/* End PBXSourcesBuildPhase section */

/* Begin PBXTargetDependency section */
		1F35E51019BA18DA002D12C7 /* PBXTargetDependency */ = {
			isa = PBXTargetDependency;
			target = 1F35E4E819BA18DA002D12C7 /* AudioWorks */;
			targetProxy = 1F35E50F19BA18DA002D12C7 /* PBXContainerItemProxy */;
		};
/* End PBXTargetDependency section */

/* Begin PBXVariantGroup section */
		1F35E4F519BA18DA002D12C7 /* InfoPlist.strings */ = {
			isa = PBXVariantGroup;
			children = (
				1F35E4F619BA18DA002D12C7 /* en */,
			);
			name = InfoPlist.strings;
			sourceTree = "<group>";
		};
		1F35E4FE19BA18DA002D12C7 /* Main.storyboard */ = {
			isa = PBXVariantGroup;
			children = (
				1F35E4FF19BA18DA002D12C7 /* Base */,
			);
			name = Main.storyboard;
			sourceTree = "<group>";
		};
		1F35E51419BA18DA002D12C7 /* InfoPlist.strings */ = {
			isa = PBXVariantGroup;
			children = (
				1F35E51519BA18DA002D12C7 /* en */,
			);
			name = InfoPlist.strings;
			sourceTree = "<group>";
		};
/* End PBXVariantGroup section */

/* Begin XCBuildConfiguration section */
		1F35E51919BA18DA002D12C7 /* Debug */ = {
			isa = XCBuildConfiguration;
			buildSettings = {
				ALWAYS_SEARCH_USER_PATHS = NO;
				CLANG_CXX_LANGUAGE_STANDARD = "gnu++0x";
				CLANG_CXX_LIBRARY = "libc++";
				CLANG_ENABLE_MODULES = YES;
				CLANG_ENABLE_OBJC_ARC = YES;
				CLANG_WARN_BOOL_CONVERSION = YES;
				CLANG_WARN_CONSTANT_CONVERSION = YES;
				CLANG_WARN_DIRECT_OBJC_ISA_USAGE = YES_ERROR;
				CLANG_WARN_EMPTY_BODY = YES;
				CLANG_WARN_ENUM_CONVERSION = YES;
				CLANG_WARN_INT_CONVERSION = YES;
				CLANG_WARN_OBJC_ROOT_CLASS = YES_ERROR;
				CLANG_WARN__DUPLICATE_METHOD_MATCH = YES;
				CODE_SIGN_IDENTITY = "iPhone Distribution: SoundSpin, LLC (38UN2K8879)";
				"CODE_SIGN_IDENTITY[sdk=iphoneos*]" = "iPhone Developer";
				COPY_PHASE_STRIP = NO;
				GCC_C_LANGUAGE_STANDARD = gnu99;
				GCC_DYNAMIC_NO_PIC = NO;
				GCC_OPTIMIZATION_LEVEL = 0;
				GCC_PREPROCESSOR_DEFINITIONS = (
					"DEBUG=1",
					"$(inherited)",
				);
				GCC_SYMBOLS_PRIVATE_EXTERN = NO;
				GCC_WARN_64_TO_32_BIT_CONVERSION = YES;
				GCC_WARN_ABOUT_RETURN_TYPE = YES_ERROR;
				GCC_WARN_UNDECLARED_SELECTOR = YES;
				GCC_WARN_UNINITIALIZED_AUTOS = YES_AGGRESSIVE;
				GCC_WARN_UNUSED_FUNCTION = YES;
				GCC_WARN_UNUSED_VARIABLE = YES;
				IPHONEOS_DEPLOYMENT_TARGET = 8.0;
				ONLY_ACTIVE_ARCH = YES;
				SDKROOT = iphoneos;
				TARGETED_DEVICE_FAMILY = 2;
			};
			name = Debug;
		};
		1F35E51A19BA18DA002D12C7 /* Release */ = {
			isa = XCBuildConfiguration;
			buildSettings = {
				ALWAYS_SEARCH_USER_PATHS = NO;
				CLANG_CXX_LANGUAGE_STANDARD = "gnu++0x";
				CLANG_CXX_LIBRARY = "libc++";
				CLANG_ENABLE_MODULES = YES;
				CLANG_ENABLE_OBJC_ARC = YES;
				CLANG_WARN_BOOL_CONVERSION = YES;
				CLANG_WARN_CONSTANT_CONVERSION = YES;
				CLANG_WARN_DIRECT_OBJC_ISA_USAGE = YES_ERROR;
				CLANG_WARN_EMPTY_BODY = YES;
				CLANG_WARN_ENUM_CONVERSION = YES;
				CLANG_WARN_INT_CONVERSION = YES;
				CLANG_WARN_OBJC_ROOT_CLASS = YES_ERROR;
				CLANG_WARN__DUPLICATE_METHOD_MATCH = YES;
				CODE_SIGN_IDENTITY = "iPhone Distribution: SoundSpin, LLC (38UN2K8879)";
				"CODE_SIGN_IDENTITY[sdk=iphoneos*]" = "iPhone Developer";
				COPY_PHASE_STRIP = YES;
				ENABLE_NS_ASSERTIONS = NO;
				GCC_C_LANGUAGE_STANDARD = gnu99;
				GCC_WARN_64_TO_32_BIT_CONVERSION = YES;
				GCC_WARN_ABOUT_RETURN_TYPE = YES_ERROR;
				GCC_WARN_UNDECLARED_SELECTOR = YES;
				GCC_WARN_UNINITIALIZED_AUTOS = YES_AGGRESSIVE;
				GCC_WARN_UNUSED_FUNCTION = YES;
				GCC_WARN_UNUSED_VARIABLE = YES;
				IPHONEOS_DEPLOYMENT_TARGET = 8.0;
				SDKROOT = iphoneos;
				TARGETED_DEVICE_FAMILY = 2;
				VALIDATE_PRODUCT = YES;
			};
			name = Release;
		};
		1F35E51C19BA18DA002D12C7 /* Debug */ = {
			isa = XCBuildConfiguration;
			buildSettings = {
				ASSETCATALOG_COMPILER_APPICON_NAME = AppIcon;
				ASSETCATALOG_COMPILER_LAUNCHIMAGE_NAME = LaunchImage;
				CODE_SIGN_IDENTITY = "iPhone Developer";
				"CODE_SIGN_IDENTITY[sdk=iphoneos*]" = "iPhone Developer";
				COMPRESS_PNG_FILES = YES;
				DEVELOPMENT_TEAM = 38UN2K8879;
				GCC_PRECOMPILE_PREFIX_HEADER = YES;
				GCC_PREFIX_HEADER = "AudioWorks/AudioWorks-Prefix.pch";
				HEADER_SEARCH_PATHS = (
					/usr/local/include,
					/opt/local/include,
				);
				INFOPLIST_FILE = "AudioWorks/AudioWorks-Info.plist";
				IPHONEOS_DEPLOYMENT_TARGET = 10.3;
				LIBRARY_SEARCH_PATHS = (
					/usr/local/lib,
					/opt/local/lib,
				);
				ONLY_ACTIVE_ARCH = NO;
				PRODUCT_BUNDLE_IDENTIFIER = edu.drexel.metlab.AudioWorks;
				PRODUCT_NAME = AudioWorks;
				PROVISIONING_PROFILE = "";
				PROVISIONING_PROFILE_SPECIFIER = "";
				SDKROOT = iphoneos;
				TARGETED_DEVICE_FAMILY = 2;
				WRAPPER_EXTENSION = app;
			};
			name = Debug;
		};
		1F35E51D19BA18DA002D12C7 /* Release */ = {
			isa = XCBuildConfiguration;
			buildSettings = {
				ASSETCATALOG_COMPILER_APPICON_NAME = AppIcon;
				ASSETCATALOG_COMPILER_LAUNCHIMAGE_NAME = LaunchImage;
				CODE_SIGN_IDENTITY = "iPhone Developer";
				"CODE_SIGN_IDENTITY[sdk=iphoneos*]" = "iPhone Developer";
				COMPRESS_PNG_FILES = YES;
				DEVELOPMENT_TEAM = 38UN2K8879;
				GCC_PRECOMPILE_PREFIX_HEADER = YES;
				GCC_PREFIX_HEADER = "AudioWorks/AudioWorks-Prefix.pch";
				HEADER_SEARCH_PATHS = (
					/usr/local/include,
					/opt/local/include,
				);
				INFOPLIST_FILE = "AudioWorks/AudioWorks-Info.plist";
				IPHONEOS_DEPLOYMENT_TARGET = 10.3;
				LIBRARY_SEARCH_PATHS = (
					/usr/local/lib,
					/opt/local/lib,
				);
				ONLY_ACTIVE_ARCH = NO;
				PRODUCT_BUNDLE_IDENTIFIER = edu.drexel.metlab.AudioWorks;
				PRODUCT_NAME = AudioWorks;
				PROVISIONING_PROFILE = "";
				PROVISIONING_PROFILE_SPECIFIER = "";
				SDKROOT = iphoneos;
				TARGETED_DEVICE_FAMILY = 2;
				WRAPPER_EXTENSION = app;
			};
			name = Release;
		};
		1F35E51F19BA18DA002D12C7 /* Debug */ = {
			isa = XCBuildConfiguration;
			buildSettings = {
				BUNDLE_LOADER = "$(BUILT_PRODUCTS_DIR)/AudioLab.app/AudioLab";
				FRAMEWORK_SEARCH_PATHS = (
					"$(SDKROOT)/Developer/Library/Frameworks",
					"$(inherited)",
					"$(DEVELOPER_FRAMEWORKS_DIR)",
				);
				GCC_PRECOMPILE_PREFIX_HEADER = YES;
				GCC_PREFIX_HEADER = "AudioLab/AudioLab-Prefix.pch";
				GCC_PREPROCESSOR_DEFINITIONS = (
					"DEBUG=1",
					"$(inherited)",
				);
				INFOPLIST_FILE = "AudioLabTests/AudioWorksTests-Info.plist";
				PRODUCT_NAME = AudioWorksTests;
				TEST_HOST = "$(BUNDLE_LOADER)";
				WRAPPER_EXTENSION = xctest;
			};
			name = Debug;
		};
		1F35E52019BA18DA002D12C7 /* Release */ = {
			isa = XCBuildConfiguration;
			buildSettings = {
				BUNDLE_LOADER = "$(BUILT_PRODUCTS_DIR)/AudioLab.app/AudioLab";
				FRAMEWORK_SEARCH_PATHS = (
					"$(SDKROOT)/Developer/Library/Frameworks",
					"$(inherited)",
					"$(DEVELOPER_FRAMEWORKS_DIR)",
				);
				GCC_PRECOMPILE_PREFIX_HEADER = YES;
				GCC_PREFIX_HEADER = "AudioLab/AudioLab-Prefix.pch";
				INFOPLIST_FILE = "AudioLabTests/AudioWorksTests-Info.plist";
				PRODUCT_NAME = AudioWorksTests;
				TEST_HOST = "$(BUNDLE_LOADER)";
				WRAPPER_EXTENSION = xctest;
			};
			name = Release;
		};
/* End XCBuildConfiguration section */

/* Begin XCConfigurationList section */
		1F35E4E419BA18DA002D12C7 /* Build configuration list for PBXProject "AudioWorks" */ = {
			isa = XCConfigurationList;
			buildConfigurations = (
				1F35E51919BA18DA002D12C7 /* Debug */,
				1F35E51A19BA18DA002D12C7 /* Release */,
			);
			defaultConfigurationIsVisible = 0;
			defaultConfigurationName = Release;
		};
		1F35E51B19BA18DA002D12C7 /* Build configuration list for PBXNativeTarget "AudioWorks" */ = {
			isa = XCConfigurationList;
			buildConfigurations = (
				1F35E51C19BA18DA002D12C7 /* Debug */,
				1F35E51D19BA18DA002D12C7 /* Release */,
			);
			defaultConfigurationIsVisible = 0;
			defaultConfigurationName = Release;
		};
		1F35E51E19BA18DA002D12C7 /* Build configuration list for PBXNativeTarget "AudioWorksTests" */ = {
			isa = XCConfigurationList;
			buildConfigurations = (
				1F35E51F19BA18DA002D12C7 /* Debug */,
				1F35E52019BA18DA002D12C7 /* Release */,
			);
			defaultConfigurationIsVisible = 0;
			defaultConfigurationName = Release;
		};
/* End XCConfigurationList section */
	};
	rootObject = 1F35E4E119BA18DA002D12C7 /* Project object */;
}
